
Microsoft Visual Studio Solution File, Format Version 12.00
# Visual Studio Version 17
VisualStudioVersion = 17.5.33502.453
MinimumVisualStudioVersion = 10.0.40219.1
Project("{8BC9CEB8-8B4A-11D0-8D11-00A0C91BC942}") = "iofile", "_169\_169.vcxproj", "{9FFD8481-6A76-4EEB-930E-1F29A21477FB}"
EndProject
Project("{8BC9CEB8-8B4A-11D0-8D11-00A0C91BC942}") = "iofilewithpath", "iofilewithpath\iofilewithpath.vcxproj", "{CA8029A2-BCE8-48EE-B262-7A52E36BE84C}"
EndProject
Project("{8BC9CEB8-8B4A-11D0-8D11-00A0C91BC942}") = "manualExeption", "manualExeption\manualExeption.vcxproj", "{8AA31584-51DA-40A0-A2A3-C297CD6C6BEE}"
EndProject
Project("{8BC9CEB8-8B4A-11D0-8D11-00A0C91BC942}") = "ExeptionStandard", "ExeptionStandard\ExeptionStandard.vcxproj", "{A94FDC2D-B381-4929-8527-50CFFF085EEB}"
EndProject
Global
	GlobalSection(SolutionConfigurationPlatforms) = preSolution
		Debug|x64 = Debug|x64
		Debug|x86 = Debug|x86
		Release|x64 = Release|x64
		Release|x86 = Release|x86
	EndGlobalSection
	GlobalSection(ProjectConfigurationPlatforms) = postSolution
		{9FFD8481-6A76-4EEB-930E-1F29A21477FB}.Debug|x64.ActiveCfg = Debug|x64
		{9FFD8481-6A76-4EEB-930E-1F29A21477FB}.Debug|x64.Build.0 = Debug|x64
		{9FFD8481-6A76-4EEB-930E-1F29A21477FB}.Debug|x86.ActiveCfg = Debug|Win32
		{9FFD8481-6A76-4EEB-930E-1F29A21477FB}.Debug|x86.Build.0 = Debug|Win32
		{9FFD8481-6A76-4EEB-930E-1F29A21477FB}.Release|x64.ActiveCfg = Release|x64
		{9FFD8481-6A76-4EEB-930E-1F29A21477FB}.Release|x64.Build.0 = Release|x64
		{9FFD8481-6A76-4EEB-930E-1F29A21477FB}.Release|x86.ActiveCfg = Release|Win32
		{9FFD8481-6A76-4EEB-930E-1F29A21477FB}.Release|x86.Build.0 = Release|Win32
		{CA8029A2-BCE8-48EE-B262-7A52E36BE84C}.Debug|x64.ActiveCfg = Debug|x64
		{CA8029A2-BCE8-48EE-B262-7A52E36BE84C}.Debug|x64.Build.0 = Debug|x64
		{CA8029A2-BCE8-48EE-B262-7A52E36BE84C}.Debug|x86.ActiveCfg = Debug|Win32
		{CA8029A2-BCE8-48EE-B262-7A52E36BE84C}.Debug|x86.Build.0 = Debug|Win32
		{CA8029A2-BCE8-48EE-B262-7A52E36BE84C}.Release|x64.ActiveCfg = Release|x64
		{CA8029A2-BCE8-48EE-B262-7A52E36BE84C}.Release|x64.Build.0 = Release|x64
		{CA8029A2-BCE8-48EE-B262-7A52E36BE84C}.Release|x86.ActiveCfg = Release|Win32
		{CA8029A2-BCE8-48EE-B262-7A52E36BE84C}.Release|x86.Build.0 = Release|Win32
		{8AA31584-51DA-40A0-A2A3-C297CD6C6BEE}.Debug|x64.ActiveCfg = Debug|x64
		{8AA31584-51DA-40A0-A2A3-C297CD6C6BEE}.Debug|x64.Build.0 = Debug|x64
		{8AA31584-51DA-40A0-A2A3-C297CD6C6BEE}.Debug|x86.ActiveCfg = Debug|Win32
		{8AA31584-51DA-40A0-A2A3-C297CD6C6BEE}.Debug|x86.Build.0 = Debug|Win32
		{8AA31584-51DA-40A0-A2A3-C297CD6C6BEE}.Release|x64.ActiveCfg = Release|x64
		{8AA31584-51DA-40A0-A2A3-C297CD6C6BEE}.Release|x64.Build.0 = Release|x64
		{8AA31584-51DA-40A0-A2A3-C297CD6C6BEE}.Release|x86.ActiveCfg = Release|Win32
		{8AA31584-51DA-40A0-A2A3-C297CD6C6BEE}.Release|x86.Build.0 = Release|Win32
		{A94FDC2D-B381-4929-8527-50CFFF085EEB}.Debug|x64.ActiveCfg = Debug|x64
		{A94FDC2D-B381-4929-8527-50CFFF085EEB}.Debug|x64.Build.0 = Debug|x64
		{A94FDC2D-B381-4929-8527-50CFFF085EEB}.Debug|x86.ActiveCfg = Debug|Win32
		{A94FDC2D-B381-4929-8527-50CFFF085EEB}.Debug|x86.Build.0 = Debug|Win32
		{A94FDC2D-B381-4929-8527-50CFFF085EEB}.Release|x64.ActiveCfg = Release|x64
		{A94FDC2D-B381-4929-8527-50CFFF085EEB}.Release|x64.Build.0 = Release|x64
		{A94FDC2D-B381-4929-8527-50CFFF085EEB}.Release|x86.ActiveCfg = Release|Win32
		{A94FDC2D-B381-4929-8527-50CFFF085EEB}.Release|x86.Build.0 = Release|Win32
	EndGlobalSection
	GlobalSection(SolutionProperties) = preSolution
		HideSolutionNode = FALSE
	EndGlobalSection
	GlobalSection(ExtensibilityGlobals) = postSolution
		SolutionGuid = {4224DB0D-7A1E-42AC-AF22-0DBF0304FAE1}
	EndGlobalSection
EndGlobal
